
Microsoft Visual Studio Solution File, Format Version 12.00
# Visual Studio Version 16
VisualStudioVersion = 16.0.30804.86
MinimumVisualStudioVersion = 10.0.40219.1
Project("{FAE04EC0-301F-11D3-BF4B-00C04F79EFBC}") = "PetrovLab21_MultiThreading", "PetrovLab21_MultiThreading\PetrovLab21_MultiThreading.csproj", "{B7FC352B-0410-432D-A829-CEE4B12EF181}"
EndProject
Global
	GlobalSection(SolutionConfigurationPlatforms) = preSolution
		Debug|Any CPU = Debug|Any CPU
		Release|Any CPU = Release|Any CPU
	EndGlobalSection
	GlobalSection(ProjectConfigurationPlatforms) = postSolution
		{B7FC352B-0410-432D-A829-CEE4B12EF181}.Debug|Any CPU.ActiveCfg = Debug|Any CPU
		{B7FC352B-0410-432D-A829-CEE4B12EF181}.Debug|Any CPU.Build.0 = Debug|Any CPU
		{B7FC352B-0410-432D-A829-CEE4B12EF181}.Release|Any CPU.ActiveCfg = Release|Any CPU
		{B7FC352B-0410-432D-A829-CEE4B12EF181}.Release|Any CPU.Build.0 = Release|Any CPU
	EndGlobalSection
	GlobalSection(SolutionProperties) = preSolution
		HideSolutionNode = FALSE
	EndGlobalSection
	GlobalSection(ExtensibilityGlobals) = postSolution
		SolutionGuid = {74429F3D-7072-40BB-B322-F97F3832FA50}
	EndGlobalSection
EndGlobal
